
Microsoft Visual Studio Solution File, Format Version 12.00
# Visual Studio Version 17
VisualStudioVersion = 17.8.34408.163
MinimumVisualStudioVersion = 10.0.40219.1
Project("{FAE04EC0-301F-11D3-BF4B-00C04F79EFBC}") = "find-and-replace-all", "find-and-replace-all\find-and-replace-all.csproj", "{DBAADEC5-6762-4375-9868-A520EC07464C}"
EndProject
Global
	GlobalSection(SolutionConfigurationPlatforms) = preSolution
		Debug|Any CPU = Debug|Any CPU
		Release|Any CPU = Release|Any CPU
	EndGlobalSection
	GlobalSection(ProjectConfigurationPlatforms) = postSolution
		{DBAADEC5-6762-4375-9868-A520EC07464C}.Debug|Any CPU.ActiveCfg = Debug|Any CPU
		{DBAADEC5-6762-4375-9868-A520EC07464C}.Debug|Any CPU.Build.0 = Debug|Any CPU
		{DBAADEC5-6762-4375-9868-A520EC07464C}.Release|Any CPU.ActiveCfg = Release|Any CPU
		{DBAADEC5-6762-4375-9868-A520EC07464C}.Release|Any CPU.Build.0 = Release|Any CPU
	EndGlobalSection
	GlobalSection(SolutionProperties) = preSolution
		HideSolutionNode = FALSE
	EndGlobalSection
	GlobalSection(ExtensibilityGlobals) = postSolution
		SolutionGuid = {89E2C02A-43C6-46FF-8BAB-2287C259EFB0}
	EndGlobalSection
EndGlobal
